
Microsoft Visual Studio Solution File, Format Version 12.00
# Visual Studio Version 16
VisualStudioVersion = 16.0.30907.101
MinimumVisualStudioVersion = 10.0.40219.1
Project("{FAE04EC0-301F-11D3-BF4B-00C04F79EFBC}") = "zavrsnoPonavljanjeZad5", "zavrsnoPonavljanjeZad5\zavrsnoPonavljanjeZad5.csproj", "{D56F01AA-2063-41FD-ABE5-F6CD6AA35F7D}"
EndProject
Global
	GlobalSection(SolutionConfigurationPlatforms) = preSolution
		Debug|Any CPU = Debug|Any CPU
		Release|Any CPU = Release|Any CPU
	EndGlobalSection
	GlobalSection(ProjectConfigurationPlatforms) = postSolution
		{D56F01AA-2063-41FD-ABE5-F6CD6AA35F7D}.Debug|Any CPU.ActiveCfg = Debug|Any CPU
		{D56F01AA-2063-41FD-ABE5-F6CD6AA35F7D}.Debug|Any CPU.Build.0 = Debug|Any CPU
		{D56F01AA-2063-41FD-ABE5-F6CD6AA35F7D}.Release|Any CPU.ActiveCfg = Release|Any CPU
		{D56F01AA-2063-41FD-ABE5-F6CD6AA35F7D}.Release|Any CPU.Build.0 = Release|Any CPU
	EndGlobalSection
	GlobalSection(SolutionProperties) = preSolution
		HideSolutionNode = FALSE
	EndGlobalSection
	GlobalSection(ExtensibilityGlobals) = postSolution
		SolutionGuid = {D2E08DA5-088C-40F6-AA23-BAEA45923CC3}
	EndGlobalSection
EndGlobal
